
Microsoft Visual Studio Solution File, Format Version 12.00
# Visual Studio Version 17
VisualStudioVersion = 17.11.35303.130
MinimumVisualStudioVersion = 10.0.40219.1
Project("{FAE04EC0-301F-11D3-BF4B-00C04F79EFBC}") = "DailyAppAPI", "DailyAppAPI\DailyAppAPI.csproj", "{8D5D6CCD-CE74-4DF4-8794-8632D3C3A0FE}"
EndProject
Global
	GlobalSection(SolutionConfigurationPlatforms) = preSolution
		Debug|Any CPU = Debug|Any CPU
		Release|Any CPU = Release|Any CPU
	EndGlobalSection
	GlobalSection(ProjectConfigurationPlatforms) = postSolution
		{8D5D6CCD-CE74-4DF4-8794-8632D3C3A0FE}.Debug|Any CPU.ActiveCfg = Debug|Any CPU
		{8D5D6CCD-CE74-4DF4-8794-8632D3C3A0FE}.Debug|Any CPU.Build.0 = Debug|Any CPU
		{8D5D6CCD-CE74-4DF4-8794-8632D3C3A0FE}.Release|Any CPU.ActiveCfg = Release|Any CPU
		{8D5D6CCD-CE74-4DF4-8794-8632D3C3A0FE}.Release|Any CPU.Build.0 = Release|Any CPU
	EndGlobalSection
	GlobalSection(SolutionProperties) = preSolution
		HideSolutionNode = FALSE
	EndGlobalSection
	GlobalSection(ExtensibilityGlobals) = postSolution
		SolutionGuid = {1D8900D1-591D-4C6D-8BD2-D9A83CDACA10}
	EndGlobalSection
EndGlobal
